// !$*UTF8*$!
{
	archiveVersion = 1;
	classes = {
	};
	objectVersion = 51;
	objects = {

/* Begin PBXBuildFile section */
		041C7B7F94C35878A407CADD /* Pods_Pau_SemilleroiOS.framework in Frameworks */ = {isa = PBXBuildFile; fileRef = 3963C9CC4DF0C0EDE14286A5 /* Pods_Pau_SemilleroiOS.framework */; };
		97421AF9260418FC000FFFB4 /* AppDelegate.swift in Sources */ = {isa = PBXBuildFile; fileRef = 97421AF8260418FC000FFFB4 /* AppDelegate.swift */; };
		97421AFB260418FC000FFFB4 /* SceneDelegate.swift in Sources */ = {isa = PBXBuildFile; fileRef = 97421AFA260418FC000FFFB4 /* SceneDelegate.swift */; };
		97421AFD260418FC000FFFB4 /* PhotoListViewController.swift in Sources */ = {isa = PBXBuildFile; fileRef = 97421AFC260418FC000FFFB4 /* PhotoListViewController.swift */; };
		97421B00260418FC000FFFB4 /* Main.storyboard in Resources */ = {isa = PBXBuildFile; fileRef = 97421AFE260418FC000FFFB4 /* Main.storyboard */; };
		97421B0226041900000FFFB4 /* Assets.xcassets in Resources */ = {isa = PBXBuildFile; fileRef = 97421B0126041900000FFFB4 /* Assets.xcassets */; };
		97421B0526041900000FFFB4 /* LaunchScreen.storyboard in Resources */ = {isa = PBXBuildFile; fileRef = 97421B0326041900000FFFB4 /* LaunchScreen.storyboard */; };
		977CDDD72604F97900884126 /* DetailViewController.swift in Sources */ = {isa = PBXBuildFile; fileRef = 977CDDD62604F97900884126 /* DetailViewController.swift */; };
		977CDDDF2605905C00884126 /* PhotoCell.swift in Sources */ = {isa = PBXBuildFile; fileRef = 977CDDDD2605905C00884126 /* PhotoCell.swift */; };
		977CDDE02605905C00884126 /* PhotoCell.xib in Resources */ = {isa = PBXBuildFile; fileRef = 977CDDDE2605905C00884126 /* PhotoCell.xib */; };
		97A1E023260696420029B5B2 /* PhotoManager.swift in Sources */ = {isa = PBXBuildFile; fileRef = 97A1E022260696420029B5B2 /* PhotoManager.swift */; };
		97A1E0262606B2210029B5B2 /* PhotoData.swift in Sources */ = {isa = PBXBuildFile; fileRef = 97A1E0252606B2210029B5B2 /* PhotoData.swift */; };
/* End PBXBuildFile section */

/* Begin PBXFileReference section */
		3963C9CC4DF0C0EDE14286A5 /* Pods_Pau_SemilleroiOS.framework */ = {isa = PBXFileReference; explicitFileType = wrapper.framework; includeInIndex = 0; path = Pods_Pau_SemilleroiOS.framework; sourceTree = BUILT_PRODUCTS_DIR; };
		63FBF3E892D67065881A4E16 /* Pods-Pau-SemilleroiOS.debug.xcconfig */ = {isa = PBXFileReference; includeInIndex = 1; lastKnownFileType = text.xcconfig; name = "Pods-Pau-SemilleroiOS.debug.xcconfig"; path = "Target Support Files/Pods-Pau-SemilleroiOS/Pods-Pau-SemilleroiOS.debug.xcconfig"; sourceTree = "<group>"; };
		97421AF5260418FC000FFFB4 /* Pau-SemilleroiOS.app */ = {isa = PBXFileReference; explicitFileType = wrapper.application; includeInIndex = 0; path = "Pau-SemilleroiOS.app"; sourceTree = BUILT_PRODUCTS_DIR; };
		97421AF8260418FC000FFFB4 /* AppDelegate.swift */ = {isa = PBXFileReference; lastKnownFileType = sourcecode.swift; path = AppDelegate.swift; sourceTree = "<group>"; };
		97421AFA260418FC000FFFB4 /* SceneDelegate.swift */ = {isa = PBXFileReference; lastKnownFileType = sourcecode.swift; path = SceneDelegate.swift; sourceTree = "<group>"; };
		97421AFC260418FC000FFFB4 /* PhotoListViewController.swift */ = {isa = PBXFileReference; lastKnownFileType = sourcecode.swift; path = PhotoListViewController.swift; sourceTree = "<group>"; };
		97421AFF260418FC000FFFB4 /* Base */ = {isa = PBXFileReference; lastKnownFileType = file.storyboard; name = Base; path = Base.lproj/Main.storyboard; sourceTree = "<group>"; };
		97421B0126041900000FFFB4 /* Assets.xcassets */ = {isa = PBXFileReference; lastKnownFileType = folder.assetcatalog; path = Assets.xcassets; sourceTree = "<group>"; };
		97421B0426041900000FFFB4 /* Base */ = {isa = PBXFileReference; lastKnownFileType = file.storyboard; name = Base; path = Base.lproj/LaunchScreen.storyboard; sourceTree = "<group>"; };
		97421B0626041900000FFFB4 /* Info.plist */ = {isa = PBXFileReference; lastKnownFileType = text.plist.xml; path = Info.plist; sourceTree = "<group>"; };
		977CDDD62604F97900884126 /* DetailViewController.swift */ = {isa = PBXFileReference; lastKnownFileType = sourcecode.swift; path = DetailViewController.swift; sourceTree = "<group>"; };
		977CDDDD2605905C00884126 /* PhotoCell.swift */ = {isa = PBXFileReference; lastKnownFileType = sourcecode.swift; path = PhotoCell.swift; sourceTree = "<group>"; };
		977CDDDE2605905C00884126 /* PhotoCell.xib */ = {isa = PBXFileReference; lastKnownFileType = file.xib; path = PhotoCell.xib; sourceTree = "<group>"; };
		97A1E022260696420029B5B2 /* PhotoManager.swift */ = {isa = PBXFileReference; lastKnownFileType = sourcecode.swift; path = PhotoManager.swift; sourceTree = "<group>"; };
		97A1E0252606B2210029B5B2 /* PhotoData.swift */ = {isa = PBXFileReference; lastKnownFileType = sourcecode.swift; path = PhotoData.swift; sourceTree = "<group>"; };
		CDBD177D90D33B2B948B5A05 /* Pods-Pau-SemilleroiOS.release.xcconfig */ = {isa = PBXFileReference; includeInIndex = 1; lastKnownFileType = text.xcconfig; name = "Pods-Pau-SemilleroiOS.release.xcconfig"; path = "Target Support Files/Pods-Pau-SemilleroiOS/Pods-Pau-SemilleroiOS.release.xcconfig"; sourceTree = "<group>"; };
/* End PBXFileReference section */

/* Begin PBXFrameworksBuildPhase section */
		97421AF2260418FC000FFFB4 /* Frameworks */ = {
			isa = PBXFrameworksBuildPhase;
			buildActionMask = 2147483647;
			files = (
				041C7B7F94C35878A407CADD /* Pods_Pau_SemilleroiOS.framework in Frameworks */,
			);
			runOnlyForDeploymentPostprocessing = 0;
		};
/* End PBXFrameworksBuildPhase section */

/* Begin PBXGroup section */
		8BFFB63524FB53D1E8738567 /* Pods */ = {
			isa = PBXGroup;
			children = (
				63FBF3E892D67065881A4E16 /* Pods-Pau-SemilleroiOS.debug.xcconfig */,
				CDBD177D90D33B2B948B5A05 /* Pods-Pau-SemilleroiOS.release.xcconfig */,
			);
			path = Pods;
			sourceTree = "<group>";
		};
		973243A42604505000EC45E0 /* View */ = {
			isa = PBXGroup;
			children = (
				97421AFE260418FC000FFFB4 /* Main.storyboard */,
				977CDDDD2605905C00884126 /* PhotoCell.swift */,
				977CDDDE2605905C00884126 /* PhotoCell.xib */,
			);
			path = View;
			sourceTree = "<group>";
		};
		973243A62604506B00EC45E0 /* Controller */ = {
			isa = PBXGroup;
			children = (
				97421AFC260418FC000FFFB4 /* PhotoListViewController.swift */,
				977CDDD62604F97900884126 /* DetailViewController.swift */,
			);
			path = Controller;
			sourceTree = "<group>";
		};
		973243A82604507600EC45E0 /* Model */ = {
			isa = PBXGroup;
			children = (
				97A1E022260696420029B5B2 /* PhotoManager.swift */,
				97A1E0252606B2210029B5B2 /* PhotoData.swift */,
			);
			path = Model;
			sourceTree = "<group>";
		};
		97421AEC260418FC000FFFB4 = {
			isa = PBXGroup;
			children = (
				97421AF7260418FC000FFFB4 /* Pau-SemilleroiOS */,
				97421AF6260418FC000FFFB4 /* Products */,
				8BFFB63524FB53D1E8738567 /* Pods */,
				CE327698AFD24B23288461E5 /* Frameworks */,
			);
			sourceTree = "<group>";
		};
		97421AF6260418FC000FFFB4 /* Products */ = {
			isa = PBXGroup;
			children = (
				97421AF5260418FC000FFFB4 /* Pau-SemilleroiOS.app */,
			);
			name = Products;
			sourceTree = "<group>";
		};
		97421AF7260418FC000FFFB4 /* Pau-SemilleroiOS */ = {
			isa = PBXGroup;
			children = (
				97421AF8260418FC000FFFB4 /* AppDelegate.swift */,
				97421AFA260418FC000FFFB4 /* SceneDelegate.swift */,
				973243A82604507600EC45E0 /* Model */,
				973243A42604505000EC45E0 /* View */,
				973243A62604506B00EC45E0 /* Controller */,
				97421B0126041900000FFFB4 /* Assets.xcassets */,
				97421B0326041900000FFFB4 /* LaunchScreen.storyboard */,
				97421B0626041900000FFFB4 /* Info.plist */,
			);
			path = "Pau-SemilleroiOS";
			sourceTree = "<group>";
		};
		CE327698AFD24B23288461E5 /* Frameworks */ = {
			isa = PBXGroup;
			children = (
				3963C9CC4DF0C0EDE14286A5 /* Pods_Pau_SemilleroiOS.framework */,
			);
			name = Frameworks;
			sourceTree = "<group>";
		};
/* End PBXGroup section */

/* Begin PBXNativeTarget section */
		97421AF4260418FC000FFFB4 /* Pau-SemilleroiOS */ = {
			isa = PBXNativeTarget;
			buildConfigurationList = 97421B0926041900000FFFB4 /* Build configuration list for PBXNativeTarget "Pau-SemilleroiOS" */;
			buildPhases = (
				9324AA4F4F6D45992244C65E /* [CP] Check Pods Manifest.lock */,
				97421AF1260418FC000FFFB4 /* Sources */,
				97421AF2260418FC000FFFB4 /* Frameworks */,
				97421AF3260418FC000FFFB4 /* Resources */,
				939A65453B1A5522453798A8 /* [CP] Embed Pods Frameworks */,
			);
			buildRules = (
			);
			dependencies = (
			);
			name = "Pau-SemilleroiOS";
			productName = "Pau-SemilleroiOS";
			productReference = 97421AF5260418FC000FFFB4 /* Pau-SemilleroiOS.app */;
			productType = "com.apple.product-type.application";
		};
/* End PBXNativeTarget section */

/* Begin PBXProject section */
		97421AED260418FC000FFFB4 /* Project object */ = {
			isa = PBXProject;
			attributes = {
				LastSwiftUpdateCheck = 1220;
				LastUpgradeCheck = 1220;
				TargetAttributes = {
					97421AF4260418FC000FFFB4 = {
						CreatedOnToolsVersion = 12.2;
					};
				};
			};
			buildConfigurationList = 97421AF0260418FC000FFFB4 /* Build configuration list for PBXProject "Pau-SemilleroiOS" */;
			compatibilityVersion = "Xcode 9.3";
			developmentRegion = en;
			hasScannedForEncodings = 0;
			knownRegions = (
				en,
				Base,
			);
			mainGroup = 97421AEC260418FC000FFFB4;
			productRefGroup = 97421AF6260418FC000FFFB4 /* Products */;
			projectDirPath = "";
			projectRoot = "";
			targets = (
				97421AF4260418FC000FFFB4 /* Pau-SemilleroiOS */,
			);
		};
/* End PBXProject section */

/* Begin PBXResourcesBuildPhase section */
		97421AF3260418FC000FFFB4 /* Resources */ = {
			isa = PBXResourcesBuildPhase;
			buildActionMask = 2147483647;
			files = (
				977CDDE02605905C00884126 /* PhotoCell.xib in Resources */,
				97421B0526041900000FFFB4 /* LaunchScreen.storyboard in Resources */,
				97421B0226041900000FFFB4 /* Assets.xcassets in Resources */,
				97421B00260418FC000FFFB4 /* Main.storyboard in Resources */,
			);
			runOnlyForDeploymentPostprocessing = 0;
		};
/* End PBXResourcesBuildPhase section */

/* Begin PBXShellScriptBuildPhase section */
		9324AA4F4F6D45992244C65E /* [CP] Check Pods Manifest.lock */ = {
			isa = PBXShellScriptBuildPhase;
			buildActionMask = 2147483647;
			files = (
			);
			inputFileListPaths = (
			);
			inputPaths = (
				"${PODS_PODFILE_DIR_PATH}/Podfile.lock",
				"${PODS_ROOT}/Manifest.lock",
			);
			name = "[CP] Check Pods Manifest.lock";
			outputFileListPaths = (
			);
			outputPaths = (
				"$(DERIVED_FILE_DIR)/Pods-Pau-SemilleroiOS-checkManifestLockResult.txt",
			);
			runOnlyForDeploymentPostprocessing = 0;
			shellPath = /bin/sh;
			shellScript = "diff \"${PODS_PODFILE_DIR_PATH}/Podfile.lock\" \"${PODS_ROOT}/Manifest.lock\" > /dev/null\nif [ $? != 0 ] ; then\n    # print error to STDERR\n    echo \"error: The sandbox is not in sync with the Podfile.lock. Run 'pod install' or update your CocoaPods installation.\" >&2\n    exit 1\nfi\n# This output is used by Xcode 'outputs' to avoid re-running this script phase.\necho \"SUCCESS\" > \"${SCRIPT_OUTPUT_FILE_0}\"\n";
			showEnvVarsInLog = 0;
		};
		939A65453B1A5522453798A8 /* [CP] Embed Pods Frameworks */ = {
			isa = PBXShellScriptBuildPhase;
			buildActionMask = 2147483647;
			files = (
			);
			inputFileListPaths = (
				"${PODS_ROOT}/Target Support Files/Pods-Pau-SemilleroiOS/Pods-Pau-SemilleroiOS-frameworks-${CONFIGURATION}-input-files.xcfilelist",
			);
			name = "[CP] Embed Pods Frameworks";
			outputFileListPaths = (
				"${PODS_ROOT}/Target Support Files/Pods-Pau-SemilleroiOS/Pods-Pau-SemilleroiOS-frameworks-${CONFIGURATION}-output-files.xcfilelist",
			);
			runOnlyForDeploymentPostprocessing = 0;
			shellPath = /bin/sh;
			shellScript = "\"${PODS_ROOT}/Target Support Files/Pods-Pau-SemilleroiOS/Pods-Pau-SemilleroiOS-frameworks.sh\"\n";
			showEnvVarsInLog = 0;
		};
/* End PBXShellScriptBuildPhase section */

/* Begin PBXSourcesBuildPhase section */
		97421AF1260418FC000FFFB4 /* Sources */ = {
			isa = PBXSourcesBuildPhase;
			buildActionMask = 2147483647;
			files = (
				97421AFD260418FC000FFFB4 /* PhotoListViewController.swift in Sources */,
				97421AF9260418FC000FFFB4 /* AppDelegate.swift in Sources */,
				97A1E023260696420029B5B2 /* PhotoManager.swift in Sources */,
				97421AFB260418FC000FFFB4 /* SceneDelegate.swift in Sources */,
				977CDDD72604F97900884126 /* DetailViewController.swift in Sources */,
				977CDDDF2605905C00884126 /* PhotoCell.swift in Sources */,
				97A1E0262606B2210029B5B2 /* PhotoData.swift in Sources */,
			);
			runOnlyForDeploymentPostprocessing = 0;
		};
/* End PBXSourcesBuildPhase section */

/* Begin PBXVariantGroup section */
		97421AFE260418FC000FFFB4 /* Main.storyboard */ = {
			isa = PBXVariantGroup;
			children = (
				97421AFF260418FC000FFFB4 /* Base */,
			);
			name = Main.storyboard;
			sourceTree = "<group>";
		};
		97421B0326041900000FFFB4 /* LaunchScreen.storyboard */ = {
			isa = PBXVariantGroup;
			children = (
				97421B0426041900000FFFB4 /* Base */,
			);
			name = LaunchScreen.storyboard;
			sourceTree = "<group>";
		};
/* End PBXVariantGroup section */

/* Begin XCBuildConfiguration section */
		97421B0726041900000FFFB4 /* Debug */ = {
			isa = XCBuildConfiguration;
			buildSettings = {
				ALWAYS_SEARCH_USER_PATHS = NO;
				CLANG_ANALYZER_NONNULL = YES;
				CLANG_ANALYZER_NUMBER_OBJECT_CONVERSION = YES_AGGRESSIVE;
				CLANG_CXX_LANGUAGE_STANDARD = "gnu++14";
				CLANG_CXX_LIBRARY = "libc++";
				CLANG_ENABLE_MODULES = YES;
				CLANG_ENABLE_OBJC_ARC = YES;
				CLANG_ENABLE_OBJC_WEAK = YES;
				CLANG_WARN_BLOCK_CAPTURE_AUTORELEASING = YES;
				CLANG_WARN_BOOL_CONVERSION = YES;
				CLANG_WARN_COMMA = YES;
				CLANG_WARN_CONSTANT_CONVERSION = YES;
				CLANG_WARN_DEPRECATED_OBJC_IMPLEMENTATIONS = YES;
				CLANG_WARN_DIRECT_OBJC_ISA_USAGE = YES_ERROR;
				CLANG_WARN_DOCUMENTATION_COMMENTS = YES;
				CLANG_WARN_EMPTY_BODY = YES;
				CLANG_WARN_ENUM_CONVERSION = YES;
				CLANG_WARN_INFINITE_RECURSION = YES;
				CLANG_WARN_INT_CONVERSION = YES;
				CLANG_WARN_NON_LITERAL_NULL_CONVERSION = YES;
				CLANG_WARN_OBJC_IMPLICIT_RETAIN_SELF = YES;
				CLANG_WARN_OBJC_LITERAL_CONVERSION = YES;
				CLANG_WARN_OBJC_ROOT_CLASS = YES_ERROR;
				CLANG_WARN_QUOTED_INCLUDE_IN_FRAMEWORK_HEADER = YES;
				CLANG_WARN_RANGE_LOOP_ANALYSIS = YES;
				CLANG_WARN_STRICT_PROTOTYPES = YES;
				CLANG_WARN_SUSPICIOUS_MOVE = YES;
				CLANG_WARN_UNGUARDED_AVAILABILITY = YES_AGGRESSIVE;
				CLANG_WARN_UNREACHABLE_CODE = YES;
				CLANG_WARN__DUPLICATE_METHOD_MATCH = YES;
				COPY_PHASE_STRIP = NO;
				DEBUG_INFORMATION_FORMAT = dwarf;
				ENABLE_STRICT_OBJC_MSGSEND = YES;
				ENABLE_TESTABILITY = YES;
				GCC_C_LANGUAGE_STANDARD = gnu11;
				GCC_DYNAMIC_NO_PIC = NO;
				GCC_NO_COMMON_BLOCKS = YES;
				GCC_OPTIMIZATION_LEVEL = 0;
				GCC_PREPROCESSOR_DEFINITIONS = (
					"DEBUG=1",
					"$(inherited)",
				);
				GCC_WARN_64_TO_32_BIT_CONVERSION = YES;
				GCC_WARN_ABOUT_RETURN_TYPE = YES_ERROR;
				GCC_WARN_UNDECLARED_SELECTOR = YES;
				GCC_WARN_UNINITIALIZED_AUTOS = YES_AGGRESSIVE;
				GCC_WARN_UNUSED_FUNCTION = YES;
				GCC_WARN_UNUSED_VARIABLE = YES;
				IPHONEOS_DEPLOYMENT_TARGET = 14.2;
				MTL_ENABLE_DEBUG_INFO = INCLUDE_SOURCE;
				MTL_FAST_MATH = YES;
				ONLY_ACTIVE_ARCH = YES;
				SDKROOT = iphoneos;
				SWIFT_ACTIVE_COMPILATION_CONDITIONS = DEBUG;
				SWIFT_OPTIMIZATION_LEVEL = "-Onone";
			};
			name = Debug;
		};
		97421B0826041900000FFFB4 /* Release */ = {
			isa = XCBuildConfiguration;
			buildSettings = {
				ALWAYS_SEARCH_USER_PATHS = NO;
				CLANG_ANALYZER_NONNULL = YES;
				CLANG_ANALYZER_NUMBER_OBJECT_CONVERSION = YES_AGGRESSIVE;
				CLANG_CXX_LANGUAGE_STANDARD = "gnu++14";
				CLANG_CXX_LIBRARY = "libc++";
				CLANG_ENABLE_MODULES = YES;
				CLANG_ENABLE_OBJC_ARC = YES;
				CLANG_ENABLE_OBJC_WEAK = YES;
				CLANG_WARN_BLOCK_CAPTURE_AUTORELEASING = YES;
				CLANG_WARN_BOOL_CONVERSION = YES;
				CLANG_WARN_COMMA = YES;
				CLANG_WARN_CONSTANT_CONVERSION = YES;
				CLANG_WARN_DEPRECATED_OBJC_IMPLEMENTATIONS = YES;
				CLANG_WARN_DIRECT_OBJC_ISA_USAGE = YES_ERROR;
				CLANG_WARN_DOCUMENTATION_COMMENTS = YES;
				CLANG_WARN_EMPTY_BODY = YES;
				CLANG_WARN_ENUM_CONVERSION = YES;
				CLANG_WARN_INFINITE_RECURSION = YES;
				CLANG_WARN_INT_CONVERSION = YES;
				CLANG_WARN_NON_LITERAL_NULL_CONVERSION = YES;
				CLANG_WARN_OBJC_IMPLICIT_RETAIN_SELF = YES;
				CLANG_WARN_OBJC_LITERAL_CONVERSION = YES;
				CLANG_WARN_OBJC_ROOT_CLASS = YES_ERROR;
				CLANG_WARN_QUOTED_INCLUDE_IN_FRAMEWORK_HEADER = YES;
				CLANG_WARN_RANGE_LOOP_ANALYSIS = YES;
				CLANG_WARN_STRICT_PROTOTYPES = YES;
				CLANG_WARN_SUSPICIOUS_MOVE = YES;
				CLANG_WARN_UNGUARDED_AVAILABILITY = YES_AGGRESSIVE;
				CLANG_WARN_UNREACHABLE_CODE = YES;
				CLANG_WARN__DUPLICATE_METHOD_MATCH = YES;
				COPY_PHASE_STRIP = NO;
				DEBUG_INFORMATION_FORMAT = "dwarf-with-dsym";
				ENABLE_NS_ASSERTIONS = NO;
				ENABLE_STRICT_OBJC_MSGSEND = YES;
				GCC_C_LANGUAGE_STANDARD = gnu11;
				GCC_NO_COMMON_BLOCKS = YES;
				GCC_WARN_64_TO_32_BIT_CONVERSION = YES;
				GCC_WARN_ABOUT_RETURN_TYPE = YES_ERROR;
				GCC_WARN_UNDECLARED_SELECTOR = YES;
				GCC_WARN_UNINITIALIZED_AUTOS = YES_AGGRESSIVE;
				GCC_WARN_UNUSED_FUNCTION = YES;
				GCC_WARN_UNUSED_VARIABLE = YES;
				IPHONEOS_DEPLOYMENT_TARGET = 14.2;
				MTL_ENABLE_DEBUG_INFO = NO;
				MTL_FAST_MATH = YES;
				SDKROOT = iphoneos;
				SWIFT_COMPILATION_MODE = wholemodule;
				SWIFT_OPTIMIZATION_LEVEL = "-O";
				VALIDATE_PRODUCT = YES;
			};
			name = Release;
		};
		97421B0A26041900000FFFB4 /* Debug */ = {
			isa = XCBuildConfiguration;
			baseConfigurationReference = 63FBF3E892D67065881A4E16 /* Pods-Pau-SemilleroiOS.debug.xcconfig */;
			buildSettings = {
				ASSETCATALOG_COMPILER_APPICON_NAME = AppIcon;
				ASSETCATALOG_COMPILER_GLOBAL_ACCENT_COLOR_NAME = AccentColor;
				CODE_SIGN_STYLE = Automatic;
				DEVELOPMENT_TEAM = DT2R3F2B7B;
				INFOPLIST_FILE = "Pau-SemilleroiOS/Info.plist";
				LD_RUNPATH_SEARCH_PATHS = (
					"$(inherited)",
					"@executable_path/Frameworks",
				);
				PRODUCT_BUNDLE_IDENTIFIER = "com.paulamontero.Pau-SemilleroiOS";
				PRODUCT_NAME = "$(TARGET_NAME)";
				SWIFT_VERSION = 5.0;
				TARGETED_DEVICE_FAMILY = "1,2";
			};
			name = Debug;
		};
		97421B0B26041900000FFFB4 /* Release */ = {
			isa = XCBuildConfiguration;
			baseConfigurationReference = CDBD177D90D33B2B948B5A05 /* Pods-Pau-SemilleroiOS.release.xcconfig */;
			buildSettings = {
				ASSETCATALOG_COMPILER_APPICON_NAME = AppIcon;
				ASSETCATALOG_COMPILER_GLOBAL_ACCENT_COLOR_NAME = AccentColor;
				CODE_SIGN_STYLE = Automatic;
				DEVELOPMENT_TEAM = DT2R3F2B7B;
				INFOPLIST_FILE = "Pau-SemilleroiOS/Info.plist";
				LD_RUNPATH_SEARCH_PATHS = (
					"$(inherited)",
					"@executable_path/Frameworks",
				);
				PRODUCT_BUNDLE_IDENTIFIER = "com.paulamontero.Pau-SemilleroiOS";
				PRODUCT_NAME = "$(TARGET_NAME)";
				SWIFT_VERSION = 5.0;
				TARGETED_DEVICE_FAMILY = "1,2";
			};
			name = Release;
		};
/* End XCBuildConfiguration section */

/* Begin XCConfigurationList section */
		97421AF0260418FC000FFFB4 /* Build configuration list for PBXProject "Pau-SemilleroiOS" */ = {
			isa = XCConfigurationList;
			buildConfigurations = (
				97421B0726041900000FFFB4 /* Debug */,
				97421B0826041900000FFFB4 /* Release */,
			);
			defaultConfigurationIsVisible = 0;
			defaultConfigurationName = Release;
		};
		97421B0926041900000FFFB4 /* Build configuration list for PBXNativeTarget "Pau-SemilleroiOS" */ = {
			isa = XCConfigurationList;
			buildConfigurations = (
				97421B0A26041900000FFFB4 /* Debug */,
				97421B0B26041900000FFFB4 /* Release */,
			);
			defaultConfigurationIsVisible = 0;
			defaultConfigurationName = Release;
		};
/* End XCConfigurationList section */
	};
	rootObject = 97421AED260418FC000FFFB4 /* Project object */;
}
